
Microsoft Visual Studio Solution File, Format Version 12.00
# Visual Studio Version 17
VisualStudioVersion = 17.3.32811.315
MinimumVisualStudioVersion = 10.0.40219.1
Project("{9A19103F-16F7-4668-BE54-9A1E7A4F7556}") = "TwitterWorker.App", "TwitterWorkerService\TwitterWorker.App.csproj", "{705F3DB1-0B58-4576-980E-1F12254C9AD9}"
EndProject
Project("{9A19103F-16F7-4668-BE54-9A1E7A4F7556}") = "TwitterWorker.Services", "TwitterWorker.Services\TwitterWorker.Services.csproj", "{F46FCE0F-60EF-40F0-B9D4-571F581E233F}"
EndProject
Project("{9A19103F-16F7-4668-BE54-9A1E7A4F7556}") = "TwitterWorker.Infrastructure", "TwitterWorker.Infrastructure\TwitterWorker.Infrastructure.csproj", "{F36BE8E8-4D7C-43DB-AB5C-74F566403930}"
EndProject
Project("{9A19103F-16F7-4668-BE54-9A1E7A4F7556}") = "TwitterWorker.Domain", "TwitterWorker.Domain\TwitterWorker.Domain.csproj", "{C4820775-6C3D-48C3-B5DD-A2DB09D709F3}"
EndProject
Project("{FAE04EC0-301F-11D3-BF4B-00C04F79EFBC}") = "TwitterWorker.UnitTests", "TwitterWorker.UnitTests\TwitterWorker.UnitTests.csproj", "{B7E0F7B9-9FCF-4816-85B8-C7006087DE57}"
EndProject
Global
	GlobalSection(SolutionConfigurationPlatforms) = preSolution
		Debug|Any CPU = Debug|Any CPU
		Release|Any CPU = Release|Any CPU
	EndGlobalSection
	GlobalSection(ProjectConfigurationPlatforms) = postSolution
		{705F3DB1-0B58-4576-980E-1F12254C9AD9}.Debug|Any CPU.ActiveCfg = Debug|Any CPU
		{705F3DB1-0B58-4576-980E-1F12254C9AD9}.Debug|Any CPU.Build.0 = Debug|Any CPU
		{705F3DB1-0B58-4576-980E-1F12254C9AD9}.Release|Any CPU.ActiveCfg = Release|Any CPU
		{705F3DB1-0B58-4576-980E-1F12254C9AD9}.Release|Any CPU.Build.0 = Release|Any CPU
		{F46FCE0F-60EF-40F0-B9D4-571F581E233F}.Debug|Any CPU.ActiveCfg = Debug|Any CPU
		{F46FCE0F-60EF-40F0-B9D4-571F581E233F}.Debug|Any CPU.Build.0 = Debug|Any CPU
		{F46FCE0F-60EF-40F0-B9D4-571F581E233F}.Release|Any CPU.ActiveCfg = Release|Any CPU
		{F46FCE0F-60EF-40F0-B9D4-571F581E233F}.Release|Any CPU.Build.0 = Release|Any CPU
		{F36BE8E8-4D7C-43DB-AB5C-74F566403930}.Debug|Any CPU.ActiveCfg = Debug|Any CPU
		{F36BE8E8-4D7C-43DB-AB5C-74F566403930}.Debug|Any CPU.Build.0 = Debug|Any CPU
		{F36BE8E8-4D7C-43DB-AB5C-74F566403930}.Release|Any CPU.ActiveCfg = Release|Any CPU
		{F36BE8E8-4D7C-43DB-AB5C-74F566403930}.Release|Any CPU.Build.0 = Release|Any CPU
		{C4820775-6C3D-48C3-B5DD-A2DB09D709F3}.Debug|Any CPU.ActiveCfg = Debug|Any CPU
		{C4820775-6C3D-48C3-B5DD-A2DB09D709F3}.Debug|Any CPU.Build.0 = Debug|Any CPU
		{C4820775-6C3D-48C3-B5DD-A2DB09D709F3}.Release|Any CPU.ActiveCfg = Release|Any CPU
		{C4820775-6C3D-48C3-B5DD-A2DB09D709F3}.Release|Any CPU.Build.0 = Release|Any CPU
		{B7E0F7B9-9FCF-4816-85B8-C7006087DE57}.Debug|Any CPU.ActiveCfg = Debug|Any CPU
		{B7E0F7B9-9FCF-4816-85B8-C7006087DE57}.Debug|Any CPU.Build.0 = Debug|Any CPU
		{B7E0F7B9-9FCF-4816-85B8-C7006087DE57}.Release|Any CPU.ActiveCfg = Release|Any CPU
		{B7E0F7B9-9FCF-4816-85B8-C7006087DE57}.Release|Any CPU.Build.0 = Release|Any CPU
	EndGlobalSection
	GlobalSection(SolutionProperties) = preSolution
		HideSolutionNode = FALSE
	EndGlobalSection
	GlobalSection(ExtensibilityGlobals) = postSolution
		SolutionGuid = {8EAFAF80-EC7B-43C3-B8F5-19D05F68E499}
	EndGlobalSection
EndGlobal
